// !$*UTF8*$!
{
	archiveVersion = 1;
	classes = {
	};
	objectVersion = 45;
	objects = {

/* Begin PBXBuildFile section */
		3C8863F827AF986600FBE8A4 /* macFUSE.framework in Frameworks */ = {isa = PBXBuildFile; fileRef = 3C8863F727AF986600FBE8A4 /* macFUSE.framework */; };
		3C8863F927AF986600FBE8A4 /* macFUSE.framework in Embed Frameworks */ = {isa = PBXBuildFile; fileRef = 3C8863F727AF986600FBE8A4 /* macFUSE.framework */; settings = {ATTRIBUTES = (CodeSignOnCopy, RemoveHeadersOnCopy, ); }; };
		3C8863FD27AFA06F00FBE8A4 /* HFS.mm in Sources */ = {isa = PBXBuildFile; fileRef = 3C8863FC27AFA06F00FBE8A4 /* HFS.mm */; };
		3C88640227AFA8C600FBE8A4 /* HFSVolume.mm in Sources */ = {isa = PBXBuildFile; fileRef = 3C88640127AFA8C600FBE8A4 /* HFSVolume.mm */; };
		3C942B9727B080C600557F36 /* unix.c in Sources */ = {isa = PBXBuildFile; fileRef = 3C942B9627B080C600557F36 /* unix.c */; };
		3CB3922D27B071710089D1C6 /* hfs.h in Headers */ = {isa = PBXBuildFile; fileRef = 3CB3920D27B071700089D1C6 /* hfs.h */; };
		3CB3922E27B071710089D1C6 /* medium.h in Headers */ = {isa = PBXBuildFile; fileRef = 3CB3920F27B071700089D1C6 /* medium.h */; };
		3CB3922F27B071710089D1C6 /* data.c in Sources */ = {isa = PBXBuildFile; fileRef = 3CB3921027B071700089D1C6 /* data.c */; };
		3CB3923027B071710089D1C6 /* btree.c in Sources */ = {isa = PBXBuildFile; fileRef = 3CB3921127B071700089D1C6 /* btree.c */; };
		3CB3923127B071710089D1C6 /* libhfs.h in Headers */ = {isa = PBXBuildFile; fileRef = 3CB3921227B071700089D1C6 /* libhfs.h */; };
		3CB3923227B071710089D1C6 /* low.h in Headers */ = {isa = PBXBuildFile; fileRef = 3CB3921327B071700089D1C6 /* low.h */; };
		3CB3923327B071710089D1C6 /* version.h in Headers */ = {isa = PBXBuildFile; fileRef = 3CB3921427B071700089D1C6 /* version.h */; };
		3CB3923427B071710089D1C6 /* node.h in Headers */ = {isa = PBXBuildFile; fileRef = 3CB3921527B071710089D1C6 /* node.h */; };
		3CB3923527B071710089D1C6 /* low.c in Sources */ = {isa = PBXBuildFile; fileRef = 3CB3921727B071710089D1C6 /* low.c */; };
		3CB3923627B071710089D1C6 /* node.c in Sources */ = {isa = PBXBuildFile; fileRef = 3CB3921927B071710089D1C6 /* node.c */; };
		3CB3923727B071710089D1C6 /* apple.h in Headers */ = {isa = PBXBuildFile; fileRef = 3CB3921A27B071710089D1C6 /* apple.h */; };
		3CB3923827B071710089D1C6 /* medium.c in Sources */ = {isa = PBXBuildFile; fileRef = 3CB3921B27B071710089D1C6 /* medium.c */; };
		3CB3923927B071710089D1C6 /* volume.h in Headers */ = {isa = PBXBuildFile; fileRef = 3CB3921D27B071710089D1C6 /* volume.h */; };
		3CB3923A27B071710089D1C6 /* record.h in Headers */ = {isa = PBXBuildFile; fileRef = 3CB3921E27B071710089D1C6 /* record.h */; };
		3CB3923B27B071710089D1C6 /* memcmp.c in Sources */ = {isa = PBXBuildFile; fileRef = 3CB3921F27B071710089D1C6 /* memcmp.c */; };
		3CB3923C27B071710089D1C6 /* block.c in Sources */ = {isa = PBXBuildFile; fileRef = 3CB3922027B071710089D1C6 /* block.c */; };
		3CB3923D27B071710089D1C6 /* os.h in Headers */ = {isa = PBXBuildFile; fileRef = 3CB3922127B071710089D1C6 /* os.h */; };
		3CB3923E27B071710089D1C6 /* record.c in Sources */ = {isa = PBXBuildFile; fileRef = 3CB3922227B071710089D1C6 /* record.c */; };
		3CB3923F27B071710089D1C6 /* version.c in Sources */ = {isa = PBXBuildFile; fileRef = 3CB3922427B071710089D1C6 /* version.c */; };
		3CB3924027B071710089D1C6 /* data.h in Headers */ = {isa = PBXBuildFile; fileRef = 3CB3922527B071710089D1C6 /* data.h */; };
		3CB3924127B071710089D1C6 /* volume.c in Sources */ = {isa = PBXBuildFile; fileRef = 3CB3922627B071710089D1C6 /* volume.c */; };
		3CB3924227B071710089D1C6 /* hfs.c in Sources */ = {isa = PBXBuildFile; fileRef = 3CB3922727B071710089D1C6 /* hfs.c */; };
		3CB3924327B071710089D1C6 /* file.h in Headers */ = {isa = PBXBuildFile; fileRef = 3CB3922827B071710089D1C6 /* file.h */; };
		3CB3924427B071710089D1C6 /* acconfig.h in Headers */ = {isa = PBXBuildFile; fileRef = 3CB3922927B071710089D1C6 /* acconfig.h */; };
		3CB3924527B071710089D1C6 /* file.c in Sources */ = {isa = PBXBuildFile; fileRef = 3CB3922A27B071710089D1C6 /* file.c */; };
		3CB3924627B071710089D1C6 /* btree.h in Headers */ = {isa = PBXBuildFile; fileRef = 3CB3922B27B071710089D1C6 /* btree.h */; };
		3CB3924727B071710089D1C6 /* block.h in Headers */ = {isa = PBXBuildFile; fileRef = 3CB3922C27B071710089D1C6 /* block.h */; };
		3CB3924A27B071A20089D1C6 /* liblibhfs.a in Frameworks */ = {isa = PBXBuildFile; fileRef = 3CB3920427B070F50089D1C6 /* liblibhfs.a */; };
		3CC6C19D27C4158B009E1BB8 /* NSError+HFS.m in Sources */ = {isa = PBXBuildFile; fileRef = 3CC6C19C27C4158B009E1BB8 /* NSError+HFS.m */; };
		3CD0DE4227CF47FD00A2E6F1 /* AppDelegate.m in Sources */ = {isa = PBXBuildFile; fileRef = 3CD0DE4127CF47FD00A2E6F1 /* AppDelegate.m */; };
		3CD0DE4427CF47FE00A2E6F1 /* Assets.xcassets in Resources */ = {isa = PBXBuildFile; fileRef = 3CD0DE4327CF47FE00A2E6F1 /* Assets.xcassets */; };
		3CD0DE4927CF47FE00A2E6F1 /* main.m in Sources */ = {isa = PBXBuildFile; fileRef = 3CD0DE4827CF47FE00A2E6F1 /* main.m */; };
		3CD0DE5227CF484300A2E6F1 /* macFUSE.framework in Frameworks */ = {isa = PBXBuildFile; fileRef = 3C8863F727AF986600FBE8A4 /* macFUSE.framework */; };
		3CD0DE5327CF484700A2E6F1 /* Cocoa.framework in Frameworks */ = {isa = PBXBuildFile; fileRef = 1058C7A1FEA54F0111CA2CBB /* Cocoa.framework */; };
		3CD0DE5427CF485100A2E6F1 /* liblibhfs.a in Frameworks */ = {isa = PBXBuildFile; fileRef = 3CB3920427B070F50089D1C6 /* liblibhfs.a */; };
		3CD0DE5527CF48C900A2E6F1 /* NSError+HFS.m in Sources */ = {isa = PBXBuildFile; fileRef = 3CC6C19C27C4158B009E1BB8 /* NSError+HFS.m */; };
		3CD0DE5627CF48CD00A2E6F1 /* NSException+Helpers.m in Sources */ = {isa = PBXBuildFile; fileRef = 3CD633D527B0F1A6001FAF1B /* NSException+Helpers.m */; };
		3CD0DE5727CF48D200A2E6F1 /* NSError+POSIX.m in Sources */ = {isa = PBXBuildFile; fileRef = 8B93BEED0D3ACD4400466F25 /* NSError+POSIX.m */; };
		3CD0DE5827CF48DC00A2E6F1 /* HFS.mm in Sources */ = {isa = PBXBuildFile; fileRef = 3C8863FC27AFA06F00FBE8A4 /* HFS.mm */; };
		3CD0DE5927CF48DC00A2E6F1 /* HFSVolume.mm in Sources */ = {isa = PBXBuildFile; fileRef = 3C88640127AFA8C600FBE8A4 /* HFSVolume.mm */; };
		3CD0DE5B27CF4D1300A2E6F1 /* fuseHFS.icns in Resources */ = {isa = PBXBuildFile; fileRef = FF98B8DF0D2496B900117156 /* fuseHFS.icns */; };
		3CD0DE5C27D48B9F00A2E6F1 /* fuseHFS_agent.app in Resources */ = {isa = PBXBuildFile; fileRef = 3CD0DE3E27CF47FD00A2E6F1 /* fuseHFS_agent.app */; };
		3CD633D627B0F1A6001FAF1B /* NSException+Helpers.m in Sources */ = {isa = PBXBuildFile; fileRef = 3CD633D527B0F1A6001FAF1B /* NSException+Helpers.m */; };
		3CE9D30727B22B25002BA719 /* Application.xib in Resources */ = {isa = PBXBuildFile; fileRef = 3CE9D30627B22B25002BA719 /* Application.xib */; };
		8B93BEEF0D3ACD4400466F25 /* NSError+POSIX.m in Sources */ = {isa = PBXBuildFile; fileRef = 8B93BEED0D3ACD4400466F25 /* NSError+POSIX.m */; };
		8D11072D0486CEB800E47090 /* main.m in Sources */ = {isa = PBXBuildFile; fileRef = 29B97316FDCFA39411CA2CEA /* main.m */; settings = {ATTRIBUTES = (); }; };
		8D11072F0486CEB800E47090 /* Cocoa.framework in Frameworks */ = {isa = PBXBuildFile; fileRef = 1058C7A1FEA54F0111CA2CBB /* Cocoa.framework */; };
		FF98B8B80D24909700117156 /* FuseHFSController.m in Sources */ = {isa = PBXBuildFile; fileRef = FF98B8B70D24909700117156 /* FuseHFSController.m */; };
		FF98B8E00D2496B900117156 /* fuseHFS.icns in Resources */ = {isa = PBXBuildFile; fileRef = FF98B8DF0D2496B900117156 /* fuseHFS.icns */; };
/* End PBXBuildFile section */

/* Begin PBXContainerItemProxy section */
		3CB3924827B0718D0089D1C6 /* PBXContainerItemProxy */ = {
			isa = PBXContainerItemProxy;
			containerPortal = 29B97313FDCFA39411CA2CEA /* Project object */;
			proxyType = 1;
			remoteGlobalIDString = 3CB3920327B070F50089D1C6;
			remoteInfo = libhfs;
		};
		3CD0DE4E27CF481500A2E6F1 /* PBXContainerItemProxy */ = {
			isa = PBXContainerItemProxy;
			containerPortal = 29B97313FDCFA39411CA2CEA /* Project object */;
			proxyType = 1;
			remoteGlobalIDString = 3CD0DE3D27CF47FD00A2E6F1;
			remoteInfo = fuseHFS_agent;
		};
		3CD0DE5027CF481B00A2E6F1 /* PBXContainerItemProxy */ = {
			isa = PBXContainerItemProxy;
			containerPortal = 29B97313FDCFA39411CA2CEA /* Project object */;
			proxyType = 1;
			remoteGlobalIDString = 3CB3920327B070F50089D1C6;
			remoteInfo = libhfs;
		};
/* End PBXContainerItemProxy section */

/* Begin PBXCopyFilesBuildPhase section */
		3C8863FA27AF986600FBE8A4 /* Embed Frameworks */ = {
			isa = PBXCopyFilesBuildPhase;
			buildActionMask = 2147483647;
			dstPath = "";
			dstSubfolderSpec = 10;
			files = (
				3C8863F927AF986600FBE8A4 /* macFUSE.framework in Embed Frameworks */,
			);
			name = "Embed Frameworks";
			runOnlyForDeploymentPostprocessing = 0;
		};
/* End PBXCopyFilesBuildPhase section */

/* Begin PBXFileReference section */
		1058C7A1FEA54F0111CA2CBB /* Cocoa.framework */ = {isa = PBXFileReference; lastKnownFileType = wrapper.framework; name = Cocoa.framework; path = /System/Library/Frameworks/Cocoa.framework; sourceTree = "<absolute>"; };
		13E42FB307B3F0F600E4EEF1 /* CoreData.framework */ = {isa = PBXFileReference; lastKnownFileType = wrapper.framework; name = CoreData.framework; path = /System/Library/Frameworks/CoreData.framework; sourceTree = "<absolute>"; };
		29B97316FDCFA39411CA2CEA /* main.m */ = {isa = PBXFileReference; fileEncoding = 4; lastKnownFileType = sourcecode.c.objc; path = main.m; sourceTree = "<group>"; };
		29B97324FDCFA39411CA2CEA /* AppKit.framework */ = {isa = PBXFileReference; lastKnownFileType = wrapper.framework; name = AppKit.framework; path = /System/Library/Frameworks/AppKit.framework; sourceTree = "<absolute>"; };
		29B97325FDCFA39411CA2CEA /* Foundation.framework */ = {isa = PBXFileReference; lastKnownFileType = wrapper.framework; name = Foundation.framework; path = /System/Library/Frameworks/Foundation.framework; sourceTree = "<absolute>"; };
		32CA4F630368D1EE00C91783 /* fuseHFS_Prefix.pch */ = {isa = PBXFileReference; fileEncoding = 4; lastKnownFileType = sourcecode.c.h; path = fuseHFS_Prefix.pch; sourceTree = "<group>"; };
		3C8863F727AF986600FBE8A4 /* macFUSE.framework */ = {isa = PBXFileReference; lastKnownFileType = wrapper.framework; name = macFUSE.framework; path = /Library/Frameworks/macFUSE.framework; sourceTree = "<absolute>"; };
		3C8863FB27AFA03700FBE8A4 /* HFS.h */ = {isa = PBXFileReference; lastKnownFileType = sourcecode.c.h; path = HFS.h; sourceTree = "<group>"; };
		3C8863FC27AFA06F00FBE8A4 /* HFS.mm */ = {isa = PBXFileReference; fileEncoding = 4; lastKnownFileType = sourcecode.cpp.objcpp; path = HFS.mm; sourceTree = "<group>"; };
		3C88640027AFA8C600FBE8A4 /* HFSVolume.h */ = {isa = PBXFileReference; lastKnownFileType = sourcecode.c.h; path = HFSVolume.h; sourceTree = "<group>"; };
		3C88640127AFA8C600FBE8A4 /* HFSVolume.mm */ = {isa = PBXFileReference; lastKnownFileType = sourcecode.cpp.objcpp; path = HFSVolume.mm; sourceTree = "<group>"; };
		3C942B9627B080C600557F36 /* unix.c */ = {isa = PBXFileReference; lastKnownFileType = sourcecode.c.c; path = unix.c; sourceTree = "<group>"; };
		3CB3920427B070F50089D1C6 /* liblibhfs.a */ = {isa = PBXFileReference; explicitFileType = archive.ar; includeInIndex = 0; path = liblibhfs.a; sourceTree = BUILT_PRODUCTS_DIR; };
		3CB3920D27B071700089D1C6 /* hfs.h */ = {isa = PBXFileReference; fileEncoding = 4; lastKnownFileType = sourcecode.c.h; path = hfs.h; sourceTree = "<group>"; };
		3CB3920F27B071700089D1C6 /* medium.h */ = {isa = PBXFileReference; fileEncoding = 4; lastKnownFileType = sourcecode.c.h; path = medium.h; sourceTree = "<group>"; };
		3CB3921027B071700089D1C6 /* data.c */ = {isa = PBXFileReference; fileEncoding = 4; lastKnownFileType = sourcecode.c.c; path = data.c; sourceTree = "<group>"; };
		3CB3921127B071700089D1C6 /* btree.c */ = {isa = PBXFileReference; fileEncoding = 4; lastKnownFileType = sourcecode.c.c; path = btree.c; sourceTree = "<group>"; };
		3CB3921227B071700089D1C6 /* libhfs.h */ = {isa = PBXFileReference; fileEncoding = 4; lastKnownFileType = sourcecode.c.h; path = libhfs.h; sourceTree = "<group>"; };
		3CB3921327B071700089D1C6 /* low.h */ = {isa = PBXFileReference; fileEncoding = 4; lastKnownFileType = sourcecode.c.h; path = low.h; sourceTree = "<group>"; };
		3CB3921427B071700089D1C6 /* version.h */ = {isa = PBXFileReference; fileEncoding = 4; lastKnownFileType = sourcecode.c.h; path = version.h; sourceTree = "<group>"; };
		3CB3921527B071710089D1C6 /* node.h */ = {isa = PBXFileReference; fileEncoding = 4; lastKnownFileType = sourcecode.c.h; path = node.h; sourceTree = "<group>"; };
		3CB3921727B071710089D1C6 /* low.c */ = {isa = PBXFileReference; fileEncoding = 4; lastKnownFileType = sourcecode.c.c; path = low.c; sourceTree = "<group>"; };
		3CB3921927B071710089D1C6 /* node.c */ = {isa = PBXFileReference; fileEncoding = 4; lastKnownFileType = sourcecode.c.c; path = node.c; sourceTree = "<group>"; };
		3CB3921A27B071710089D1C6 /* apple.h */ = {isa = PBXFileReference; fileEncoding = 4; lastKnownFileType = sourcecode.c.h; path = apple.h; sourceTree = "<group>"; };
		3CB3921B27B071710089D1C6 /* medium.c */ = {isa = PBXFileReference; fileEncoding = 4; lastKnownFileType = sourcecode.c.c; path = medium.c; sourceTree = "<group>"; };
		3CB3921D27B071710089D1C6 /* volume.h */ = {isa = PBXFileReference; fileEncoding = 4; lastKnownFileType = sourcecode.c.h; path = volume.h; sourceTree = "<group>"; };
		3CB3921E27B071710089D1C6 /* record.h */ = {isa = PBXFileReference; fileEncoding = 4; lastKnownFileType = sourcecode.c.h; path = record.h; sourceTree = "<group>"; };
		3CB3921F27B071710089D1C6 /* memcmp.c */ = {isa = PBXFileReference; fileEncoding = 4; lastKnownFileType = sourcecode.c.c; path = memcmp.c; sourceTree = "<group>"; };
		3CB3922027B071710089D1C6 /* block.c */ = {isa = PBXFileReference; fileEncoding = 4; lastKnownFileType = sourcecode.c.c; path = block.c; sourceTree = "<group>"; };
		3CB3922127B071710089D1C6 /* os.h */ = {isa = PBXFileReference; fileEncoding = 4; lastKnownFileType = sourcecode.c.h; path = os.h; sourceTree = "<group>"; };
		3CB3922227B071710089D1C6 /* record.c */ = {isa = PBXFileReference; fileEncoding = 4; lastKnownFileType = sourcecode.c.c; path = record.c; sourceTree = "<group>"; };
		3CB3922427B071710089D1C6 /* version.c */ = {isa = PBXFileReference; fileEncoding = 4; lastKnownFileType = sourcecode.c.c; path = version.c; sourceTree = "<group>"; };
		3CB3922527B071710089D1C6 /* data.h */ = {isa = PBXFileReference; fileEncoding = 4; lastKnownFileType = sourcecode.c.h; path = data.h; sourceTree = "<group>"; };
		3CB3922627B071710089D1C6 /* volume.c */ = {isa = PBXFileReference; fileEncoding = 4; lastKnownFileType = sourcecode.c.c; path = volume.c; sourceTree = "<group>"; };
		3CB3922727B071710089D1C6 /* hfs.c */ = {isa = PBXFileReference; fileEncoding = 4; lastKnownFileType = sourcecode.c.c; path = hfs.c; sourceTree = "<group>"; };
		3CB3922827B071710089D1C6 /* file.h */ = {isa = PBXFileReference; fileEncoding = 4; lastKnownFileType = sourcecode.c.h; path = file.h; sourceTree = "<group>"; };
		3CB3922927B071710089D1C6 /* acconfig.h */ = {isa = PBXFileReference; fileEncoding = 4; lastKnownFileType = sourcecode.c.h; path = acconfig.h; sourceTree = "<group>"; };
		3CB3922A27B071710089D1C6 /* file.c */ = {isa = PBXFileReference; fileEncoding = 4; lastKnownFileType = sourcecode.c.c; path = file.c; sourceTree = "<group>"; };
		3CB3922B27B071710089D1C6 /* btree.h */ = {isa = PBXFileReference; fileEncoding = 4; lastKnownFileType = sourcecode.c.h; path = btree.h; sourceTree = "<group>"; };
		3CB3922C27B071710089D1C6 /* block.h */ = {isa = PBXFileReference; fileEncoding = 4; lastKnownFileType = sourcecode.c.h; path = block.h; sourceTree = "<group>"; };
		3CC6C19B27C4158B009E1BB8 /* NSError+HFS.h */ = {isa = PBXFileReference; lastKnownFileType = sourcecode.c.h; path = "NSError+HFS.h"; sourceTree = "<group>"; };
		3CC6C19C27C4158B009E1BB8 /* NSError+HFS.m */ = {isa = PBXFileReference; lastKnownFileType = sourcecode.c.objc; path = "NSError+HFS.m"; sourceTree = "<group>"; };
		3CD0DE3E27CF47FD00A2E6F1 /* fuseHFS_agent.app */ = {isa = PBXFileReference; explicitFileType = wrapper.application; includeInIndex = 0; path = fuseHFS_agent.app; sourceTree = BUILT_PRODUCTS_DIR; };
		3CD0DE4027CF47FD00A2E6F1 /* AppDelegate.h */ = {isa = PBXFileReference; lastKnownFileType = sourcecode.c.h; path = AppDelegate.h; sourceTree = "<group>"; };
		3CD0DE4127CF47FD00A2E6F1 /* AppDelegate.m */ = {isa = PBXFileReference; lastKnownFileType = sourcecode.c.objc; path = AppDelegate.m; sourceTree = "<group>"; };
		3CD0DE4327CF47FE00A2E6F1 /* Assets.xcassets */ = {isa = PBXFileReference; lastKnownFileType = folder.assetcatalog; path = Assets.xcassets; sourceTree = "<group>"; };
		3CD0DE4827CF47FE00A2E6F1 /* main.m */ = {isa = PBXFileReference; lastKnownFileType = sourcecode.c.objc; path = main.m; sourceTree = "<group>"; };
		3CD0DE4A27CF47FE00A2E6F1 /* fuseHFS_agent.entitlements */ = {isa = PBXFileReference; lastKnownFileType = text.plist.entitlements; path = fuseHFS_agent.entitlements; sourceTree = "<group>"; };
		3CD0DE5A27CF49B600A2E6F1 /* fuseHFS-agent-Info.plist */ = {isa = PBXFileReference; lastKnownFileType = text.plist; path = "fuseHFS-agent-Info.plist"; sourceTree = SOURCE_ROOT; };
		3CD633D427B0F1A6001FAF1B /* NSException+Helpers.h */ = {isa = PBXFileReference; lastKnownFileType = sourcecode.c.h; path = "NSException+Helpers.h"; sourceTree = "<group>"; };
		3CD633D527B0F1A6001FAF1B /* NSException+Helpers.m */ = {isa = PBXFileReference; lastKnownFileType = sourcecode.c.objc; path = "NSException+Helpers.m"; sourceTree = "<group>"; };
		3CE9D30627B22B25002BA719 /* Application.xib */ = {isa = PBXFileReference; lastKnownFileType = file.xib; path = Application.xib; sourceTree = "<group>"; };
		439F34B1230F1B4800EC3394 /* fuseHFS.entitlements */ = {isa = PBXFileReference; lastKnownFileType = text.plist.entitlements; path = fuseHFS.entitlements; sourceTree = "<group>"; };
		8B93BEED0D3ACD4400466F25 /* NSError+POSIX.m */ = {isa = PBXFileReference; fileEncoding = 4; indentWidth = 2; lastKnownFileType = sourcecode.c.objc; path = "NSError+POSIX.m"; sourceTree = SOURCE_ROOT; tabWidth = 2; };
		8B93BEEE0D3ACD4400466F25 /* NSError+POSIX.h */ = {isa = PBXFileReference; fileEncoding = 4; indentWidth = 2; lastKnownFileType = sourcecode.c.h; path = "NSError+POSIX.h"; sourceTree = SOURCE_ROOT; tabWidth = 2; };
		8D1107310486CEB800E47090 /* Info.plist */ = {isa = PBXFileReference; fileEncoding = 4; lastKnownFileType = text.plist.xml; path = Info.plist; sourceTree = "<group>"; };
		8D1107320486CEB800E47090 /* fuseHFS.app */ = {isa = PBXFileReference; explicitFileType = wrapper.application; includeInIndex = 0; path = fuseHFS.app; sourceTree = BUILT_PRODUCTS_DIR; };
		FF98B8B60D24909700117156 /* FuseHFSController.h */ = {isa = PBXFileReference; fileEncoding = 4; indentWidth = 2; lastKnownFileType = sourcecode.c.h; path = FuseHFSController.h; sourceTree = "<group>"; tabWidth = 2; };
		FF98B8B70D24909700117156 /* FuseHFSController.m */ = {isa = PBXFileReference; fileEncoding = 4; indentWidth = 2; lastKnownFileType = sourcecode.c.objc; path = FuseHFSController.m; sourceTree = "<group>"; tabWidth = 2; };
		FF98B8DF0D2496B900117156 /* fuseHFS.icns */ = {isa = PBXFileReference; lastKnownFileType = image.icns; path = fuseHFS.icns; sourceTree = "<group>"; };
/* End PBXFileReference section */

/* Begin PBXFrameworksBuildPhase section */
		3CB3920227B070F50089D1C6 /* Frameworks */ = {
			isa = PBXFrameworksBuildPhase;
			buildActionMask = 2147483647;
			files = (
			);
			runOnlyForDeploymentPostprocessing = 0;
		};
		3CD0DE3B27CF47FD00A2E6F1 /* Frameworks */ = {
			isa = PBXFrameworksBuildPhase;
			buildActionMask = 2147483647;
			files = (
				3CD0DE5327CF484700A2E6F1 /* Cocoa.framework in Frameworks */,
				3CD0DE5227CF484300A2E6F1 /* macFUSE.framework in Frameworks */,
				3CD0DE5427CF485100A2E6F1 /* liblibhfs.a in Frameworks */,
			);
			runOnlyForDeploymentPostprocessing = 0;
		};
		8D11072E0486CEB800E47090 /* Frameworks */ = {
			isa = PBXFrameworksBuildPhase;
			buildActionMask = 2147483647;
			files = (
				3CB3924A27B071A20089D1C6 /* liblibhfs.a in Frameworks */,
				8D11072F0486CEB800E47090 /* Cocoa.framework in Frameworks */,
				3C8863F827AF986600FBE8A4 /* macFUSE.framework in Frameworks */,
			);
			runOnlyForDeploymentPostprocessing = 0;
		};
/* End PBXFrameworksBuildPhase section */

/* Begin PBXGroup section */
		080E96DDFE201D6D7F000001 /* Classes */ = {
			isa = PBXGroup;
			children = (
				3C8863FB27AFA03700FBE8A4 /* HFS.h */,
				3C8863FC27AFA06F00FBE8A4 /* HFS.mm */,
				3C88640027AFA8C600FBE8A4 /* HFSVolume.h */,
				3C88640127AFA8C600FBE8A4 /* HFSVolume.mm */,
				FF98B8B60D24909700117156 /* FuseHFSController.h */,
				FF98B8B70D24909700117156 /* FuseHFSController.m */,
				8B93BEEE0D3ACD4400466F25 /* NSError+POSIX.h */,
				8B93BEED0D3ACD4400466F25 /* NSError+POSIX.m */,
				3CD633D427B0F1A6001FAF1B /* NSException+Helpers.h */,
				3CD633D527B0F1A6001FAF1B /* NSException+Helpers.m */,
				3CC6C19B27C4158B009E1BB8 /* NSError+HFS.h */,
				3CC6C19C27C4158B009E1BB8 /* NSError+HFS.m */,
			);
			name = Classes;
			sourceTree = "<group>";
		};
		1058C7A0FEA54F0111CA2CBB /* Linked Frameworks */ = {
			isa = PBXGroup;
			children = (
				1058C7A1FEA54F0111CA2CBB /* Cocoa.framework */,
			);
			name = "Linked Frameworks";
			sourceTree = "<group>";
		};
		1058C7A2FEA54F0111CA2CBB /* Other Frameworks */ = {
			isa = PBXGroup;
			children = (
				29B97324FDCFA39411CA2CEA /* AppKit.framework */,
				13E42FB307B3F0F600E4EEF1 /* CoreData.framework */,
				29B97325FDCFA39411CA2CEA /* Foundation.framework */,
			);
			name = "Other Frameworks";
			sourceTree = "<group>";
		};
		19C28FACFE9D520D11CA2CBB /* Products */ = {
			isa = PBXGroup;
			children = (
				8D1107320486CEB800E47090 /* fuseHFS.app */,
				3CB3920427B070F50089D1C6 /* liblibhfs.a */,
				3CD0DE3E27CF47FD00A2E6F1 /* fuseHFS_agent.app */,
			);
			name = Products;
			sourceTree = "<group>";
		};
		29B97314FDCFA39411CA2CEA /* fuseHFS */ = {
			isa = PBXGroup;
			children = (
				439F34B1230F1B4800EC3394 /* fuseHFS.entitlements */,
				080E96DDFE201D6D7F000001 /* Classes */,
				29B97315FDCFA39411CA2CEA /* Other Sources */,
				29B97317FDCFA39411CA2CEA /* Resources */,
				3CB3920527B070F50089D1C6 /* libhfs */,
				3CD0DE3F27CF47FD00A2E6F1 /* fuseHFS_agent */,
				29B97323FDCFA39411CA2CEA /* Frameworks */,
				19C28FACFE9D520D11CA2CBB /* Products */,
			);
			name = fuseHFS;
			sourceTree = "<group>";
		};
		29B97315FDCFA39411CA2CEA /* Other Sources */ = {
			isa = PBXGroup;
			children = (
				32CA4F630368D1EE00C91783 /* fuseHFS_Prefix.pch */,
				29B97316FDCFA39411CA2CEA /* main.m */,
			);
			name = "Other Sources";
			sourceTree = "<group>";
		};
		29B97317FDCFA39411CA2CEA /* Resources */ = {
			isa = PBXGroup;
			children = (
				FF98B8DF0D2496B900117156 /* fuseHFS.icns */,
				8D1107310486CEB800E47090 /* Info.plist */,
				3CE9D30627B22B25002BA719 /* Application.xib */,
			);
			name = Resources;
			sourceTree = "<group>";
		};
		29B97323FDCFA39411CA2CEA /* Frameworks */ = {
			isa = PBXGroup;
			children = (
				3C8863F727AF986600FBE8A4 /* macFUSE.framework */,
				1058C7A0FEA54F0111CA2CBB /* Linked Frameworks */,
				1058C7A2FEA54F0111CA2CBB /* Other Frameworks */,
			);
			name = Frameworks;
			sourceTree = "<group>";
		};
		3C593F9827B1EF6700A9B367 /* OS */ = {
			isa = PBXGroup;
			children = (
				3C942B9627B080C600557F36 /* unix.c */,
			);
			path = OS;
			sourceTree = "<group>";
		};
		3CB3920527B070F50089D1C6 /* libhfs */ = {
			isa = PBXGroup;
			children = (
				3CB3922927B071710089D1C6 /* acconfig.h */,
				3CB3921A27B071710089D1C6 /* apple.h */,
				3CB3922027B071710089D1C6 /* block.c */,
				3CB3922C27B071710089D1C6 /* block.h */,
				3CB3921127B071700089D1C6 /* btree.c */,
				3CB3922B27B071710089D1C6 /* btree.h */,
				3CB3921027B071700089D1C6 /* data.c */,
				3CB3922527B071710089D1C6 /* data.h */,
				3CB3922A27B071710089D1C6 /* file.c */,
				3CB3922827B071710089D1C6 /* file.h */,
				3CB3922727B071710089D1C6 /* hfs.c */,
				3CB3920D27B071700089D1C6 /* hfs.h */,
				3CB3921227B071700089D1C6 /* libhfs.h */,
				3CB3921727B071710089D1C6 /* low.c */,
				3CB3921327B071700089D1C6 /* low.h */,
				3CB3921B27B071710089D1C6 /* medium.c */,
				3CB3920F27B071700089D1C6 /* medium.h */,
				3CB3921F27B071710089D1C6 /* memcmp.c */,
				3CB3921927B071710089D1C6 /* node.c */,
				3CB3921527B071710089D1C6 /* node.h */,
				3C593F9827B1EF6700A9B367 /* OS */,
				3CB3922127B071710089D1C6 /* os.h */,
				3CB3922227B071710089D1C6 /* record.c */,
				3CB3921E27B071710089D1C6 /* record.h */,
				3CB3922427B071710089D1C6 /* version.c */,
				3CB3921427B071700089D1C6 /* version.h */,
				3CB3922627B071710089D1C6 /* volume.c */,
				3CB3921D27B071710089D1C6 /* volume.h */,
			);
			name = libhfs;
			path = "hfsutils/hfsutils-master/libhfs";
			sourceTree = SOURCE_ROOT;
		};
		3CD0DE3F27CF47FD00A2E6F1 /* fuseHFS_agent */ = {
			isa = PBXGroup;
			children = (
				3CD0DE5A27CF49B600A2E6F1 /* fuseHFS-agent-Info.plist */,
				3CD0DE4027CF47FD00A2E6F1 /* AppDelegate.h */,
				3CD0DE4127CF47FD00A2E6F1 /* AppDelegate.m */,
				3CD0DE4327CF47FE00A2E6F1 /* Assets.xcassets */,
				3CD0DE4827CF47FE00A2E6F1 /* main.m */,
				3CD0DE4A27CF47FE00A2E6F1 /* fuseHFS_agent.entitlements */,
			);
			path = fuseHFS_agent;
			sourceTree = "<group>";
		};
/* End PBXGroup section */

/* Begin PBXHeadersBuildPhase section */
		3CB3920027B070F50089D1C6 /* Headers */ = {
			isa = PBXHeadersBuildPhase;
			buildActionMask = 2147483647;
			files = (
				3CB3924727B071710089D1C6 /* block.h in Headers */,
				3CB3924327B071710089D1C6 /* file.h in Headers */,
				3CB3924027B071710089D1C6 /* data.h in Headers */,
				3CB3923427B071710089D1C6 /* node.h in Headers */,
				3CB3923327B071710089D1C6 /* version.h in Headers */,
				3CB3924427B071710089D1C6 /* acconfig.h in Headers */,
				3CB3922D27B071710089D1C6 /* hfs.h in Headers */,
				3CB3923227B071710089D1C6 /* low.h in Headers */,
				3CB3923727B071710089D1C6 /* apple.h in Headers */,
				3CB3923A27B071710089D1C6 /* record.h in Headers */,
				3CB3922E27B071710089D1C6 /* medium.h in Headers */,
				3CB3923927B071710089D1C6 /* volume.h in Headers */,
				3CB3923D27B071710089D1C6 /* os.h in Headers */,
				3CB3923127B071710089D1C6 /* libhfs.h in Headers */,
				3CB3924627B071710089D1C6 /* btree.h in Headers */,
			);
			runOnlyForDeploymentPostprocessing = 0;
		};
/* End PBXHeadersBuildPhase section */

/* Begin PBXNativeTarget section */
		3CB3920327B070F50089D1C6 /* libhfs */ = {
			isa = PBXNativeTarget;
			buildConfigurationList = 3CB3920A27B070F50089D1C6 /* Build configuration list for PBXNativeTarget "libhfs" */;
			buildPhases = (
				3CB3920027B070F50089D1C6 /* Headers */,
				3CB3920127B070F50089D1C6 /* Sources */,
				3CB3920227B070F50089D1C6 /* Frameworks */,
			);
			buildRules = (
			);
			dependencies = (
			);
			name = libhfs;
			productName = libhfs;
			productReference = 3CB3920427B070F50089D1C6 /* liblibhfs.a */;
			productType = "com.apple.product-type.library.static";
		};
		3CD0DE3D27CF47FD00A2E6F1 /* fuseHFS_agent */ = {
			isa = PBXNativeTarget;
			buildConfigurationList = 3CD0DE4D27CF47FE00A2E6F1 /* Build configuration list for PBXNativeTarget "fuseHFS_agent" */;
			buildPhases = (
				3CD0DE3A27CF47FD00A2E6F1 /* Sources */,
				3CD0DE3B27CF47FD00A2E6F1 /* Frameworks */,
				3CD0DE3C27CF47FD00A2E6F1 /* Resources */,
			);
			buildRules = (
			);
			dependencies = (
				3CD0DE5127CF481B00A2E6F1 /* PBXTargetDependency */,
			);
			name = fuseHFS_agent;
			productName = fuseHFS_agent;
			productReference = 3CD0DE3E27CF47FD00A2E6F1 /* fuseHFS_agent.app */;
			productType = "com.apple.product-type.application";
		};
		8D1107260486CEB800E47090 /* fuseHFS */ = {
			isa = PBXNativeTarget;
			buildConfigurationList = C01FCF4A08A954540054247B /* Build configuration list for PBXNativeTarget "fuseHFS" */;
			buildPhases = (
				8D1107290486CEB800E47090 /* Resources */,
				8D11072C0486CEB800E47090 /* Sources */,
				8D11072E0486CEB800E47090 /* Frameworks */,
				3C8863FA27AF986600FBE8A4 /* Embed Frameworks */,
			);
			buildRules = (
			);
			dependencies = (
				3CB3924927B0718D0089D1C6 /* PBXTargetDependency */,
				3CD0DE4F27CF481500A2E6F1 /* PBXTargetDependency */,
			);
			name = fuseHFS;
			productInstallPath = "$(HOME)/Applications";
			productName = fuseHFS;
			productReference = 8D1107320486CEB800E47090 /* fuseHFS.app */;
			productType = "com.apple.product-type.application";
		};
/* End PBXNativeTarget section */

/* Begin PBXProject section */
		29B97313FDCFA39411CA2CEA /* Project object */ = {
			isa = PBXProject;
			attributes = {
				LastUpgradeCheck = 1320;
				TargetAttributes = {
					3CB3920327B070F50089D1C6 = {
						CreatedOnToolsVersion = 13.2.1;
					};
					3CD0DE3D27CF47FD00A2E6F1 = {
						CreatedOnToolsVersion = 13.2.1;
					};
					8D1107260486CEB800E47090 = {
						SystemCapabilities = {
							com.apple.HardenedRuntime = {
								enabled = 1;
							};
						};
					};
				};
			};
			buildConfigurationList = C01FCF4E08A954540054247B /* Build configuration list for PBXProject "fuseHFS" */;
			compatibilityVersion = "Xcode 3.1";
			developmentRegion = en;
			hasScannedForEncodings = 1;
			knownRegions = (
				en,
				Base,
			);
			mainGroup = 29B97314FDCFA39411CA2CEA /* fuseHFS */;
			projectDirPath = "";
			projectRoot = "";
			targets = (
				8D1107260486CEB800E47090 /* fuseHFS */,
				3CB3920327B070F50089D1C6 /* libhfs */,
				3CD0DE3D27CF47FD00A2E6F1 /* fuseHFS_agent */,
			);
		};
/* End PBXProject section */

/* Begin PBXResourcesBuildPhase section */
		3CD0DE3C27CF47FD00A2E6F1 /* Resources */ = {
			isa = PBXResourcesBuildPhase;
			buildActionMask = 2147483647;
			files = (
				3CD0DE4427CF47FE00A2E6F1 /* Assets.xcassets in Resources */,
				3CD0DE5B27CF4D1300A2E6F1 /* fuseHFS.icns in Resources */,
			);
			runOnlyForDeploymentPostprocessing = 0;
		};
		8D1107290486CEB800E47090 /* Resources */ = {
			isa = PBXResourcesBuildPhase;
			buildActionMask = 2147483647;
			files = (
				3CD0DE5C27D48B9F00A2E6F1 /* fuseHFS_agent.app in Resources */,
				FF98B8E00D2496B900117156 /* fuseHFS.icns in Resources */,
				3CE9D30727B22B25002BA719 /* Application.xib in Resources */,
			);
			runOnlyForDeploymentPostprocessing = 0;
		};
/* End PBXResourcesBuildPhase section */

/* Begin PBXSourcesBuildPhase section */
		3CB3920127B070F50089D1C6 /* Sources */ = {
			isa = PBXSourcesBuildPhase;
			buildActionMask = 2147483647;
			files = (
				3CB3924227B071710089D1C6 /* hfs.c in Sources */,
				3CB3923E27B071710089D1C6 /* record.c in Sources */,
				3CB3923C27B071710089D1C6 /* block.c in Sources */,
				3CB3923527B071710089D1C6 /* low.c in Sources */,
				3CB3923627B071710089D1C6 /* node.c in Sources */,
				3CB3923F27B071710089D1C6 /* version.c in Sources */,
				3CB3923B27B071710089D1C6 /* memcmp.c in Sources */,
				3CB3923027B071710089D1C6 /* btree.c in Sources */,
				3CB3924127B071710089D1C6 /* volume.c in Sources */,
				3CB3922F27B071710089D1C6 /* data.c in Sources */,
				3C942B9727B080C600557F36 /* unix.c in Sources */,
				3CB3923827B071710089D1C6 /* medium.c in Sources */,
				3CB3924527B071710089D1C6 /* file.c in Sources */,
			);
			runOnlyForDeploymentPostprocessing = 0;
		};
		3CD0DE3A27CF47FD00A2E6F1 /* Sources */ = {
			isa = PBXSourcesBuildPhase;
			buildActionMask = 2147483647;
			files = (
				3CD0DE4927CF47FE00A2E6F1 /* main.m in Sources */,
				3CD0DE5727CF48D200A2E6F1 /* NSError+POSIX.m in Sources */,
				3CD0DE4227CF47FD00A2E6F1 /* AppDelegate.m in Sources */,
				3CD0DE5827CF48DC00A2E6F1 /* HFS.mm in Sources */,
				3CD0DE5627CF48CD00A2E6F1 /* NSException+Helpers.m in Sources */,
				3CD0DE5527CF48C900A2E6F1 /* NSError+HFS.m in Sources */,
				3CD0DE5927CF48DC00A2E6F1 /* HFSVolume.mm in Sources */,
			);
			runOnlyForDeploymentPostprocessing = 0;
		};
		8D11072C0486CEB800E47090 /* Sources */ = {
			isa = PBXSourcesBuildPhase;
			buildActionMask = 2147483647;
			files = (
				3CC6C19D27C4158B009E1BB8 /* NSError+HFS.m in Sources */,
				3C8863FD27AFA06F00FBE8A4 /* HFS.mm in Sources */,
				3CD633D627B0F1A6001FAF1B /* NSException+Helpers.m in Sources */,
				8D11072D0486CEB800E47090 /* main.m in Sources */,
				FF98B8B80D24909700117156 /* FuseHFSController.m in Sources */,
				8B93BEEF0D3ACD4400466F25 /* NSError+POSIX.m in Sources */,
				3C88640227AFA8C600FBE8A4 /* HFSVolume.mm in Sources */,
			);
			runOnlyForDeploymentPostprocessing = 0;
		};
/* End PBXSourcesBuildPhase section */

/* Begin PBXTargetDependency section */
		3CB3924927B0718D0089D1C6 /* PBXTargetDependency */ = {
			isa = PBXTargetDependency;
			target = 3CB3920327B070F50089D1C6 /* libhfs */;
			targetProxy = 3CB3924827B0718D0089D1C6 /* PBXContainerItemProxy */;
		};
		3CD0DE4F27CF481500A2E6F1 /* PBXTargetDependency */ = {
			isa = PBXTargetDependency;
			target = 3CD0DE3D27CF47FD00A2E6F1 /* fuseHFS_agent */;
			targetProxy = 3CD0DE4E27CF481500A2E6F1 /* PBXContainerItemProxy */;
		};
		3CD0DE5127CF481B00A2E6F1 /* PBXTargetDependency */ = {
			isa = PBXTargetDependency;
			target = 3CB3920327B070F50089D1C6 /* libhfs */;
			targetProxy = 3CD0DE5027CF481B00A2E6F1 /* PBXContainerItemProxy */;
		};
/* End PBXTargetDependency section */

/* Begin XCBuildConfiguration section */
		3CB3920B27B070F50089D1C6 /* Debug */ = {
			isa = XCBuildConfiguration;
			buildSettings = {
				ALWAYS_SEARCH_USER_PATHS = NO;
				CLANG_ANALYZER_NONNULL = YES;
				CLANG_ANALYZER_NUMBER_OBJECT_CONVERSION = YES_AGGRESSIVE;
				CLANG_CXX_LANGUAGE_STANDARD = "gnu++17";
				CLANG_CXX_LIBRARY = "libc++";
				CLANG_ENABLE_MODULES = YES;
				CLANG_ENABLE_OBJC_ARC = YES;
				CLANG_ENABLE_OBJC_WEAK = YES;
				CLANG_WARN_DIRECT_OBJC_ISA_USAGE = YES_ERROR;
				CLANG_WARN_DOCUMENTATION_COMMENTS = YES;
				CLANG_WARN_OBJC_ROOT_CLASS = YES_ERROR;
				CLANG_WARN_UNGUARDED_AVAILABILITY = YES_AGGRESSIVE;
				CODE_SIGN_STYLE = Automatic;
				COPY_PHASE_STRIP = NO;
				DEBUG_INFORMATION_FORMAT = dwarf;
				EXECUTABLE_PREFIX = lib;
				GCC_C_LANGUAGE_STANDARD = gnu11;
				GCC_DYNAMIC_NO_PIC = NO;
				GCC_OPTIMIZATION_LEVEL = 0;
				GCC_PREPROCESSOR_DEFINITIONS = (
					"DEBUG=1",
					HAVE_UNISTD_H,
					"$(inherited)",
				);
				GCC_WARN_ABOUT_RETURN_TYPE = YES_ERROR;
				GCC_WARN_UNINITIALIZED_AUTOS = YES_AGGRESSIVE;
				MACOSX_DEPLOYMENT_TARGET = 12.1;
				MTL_ENABLE_DEBUG_INFO = INCLUDE_SOURCE;
				MTL_FAST_MATH = YES;
				PRODUCT_NAME = "$(TARGET_NAME)";
				SDKROOT = macosx;
				SKIP_INSTALL = YES;
			};
			name = Debug;
		};
		3CB3920C27B070F50089D1C6 /* Release */ = {
			isa = XCBuildConfiguration;
			buildSettings = {
				ALWAYS_SEARCH_USER_PATHS = NO;
				CLANG_ANALYZER_NONNULL = YES;
				CLANG_ANALYZER_NUMBER_OBJECT_CONVERSION = YES_AGGRESSIVE;
				CLANG_CXX_LANGUAGE_STANDARD = "gnu++17";
				CLANG_CXX_LIBRARY = "libc++";
				CLANG_ENABLE_MODULES = YES;
				CLANG_ENABLE_OBJC_ARC = YES;
				CLANG_ENABLE_OBJC_WEAK = YES;
				CLANG_WARN_DIRECT_OBJC_ISA_USAGE = YES_ERROR;
				CLANG_WARN_DOCUMENTATION_COMMENTS = YES;
				CLANG_WARN_OBJC_ROOT_CLASS = YES_ERROR;
				CLANG_WARN_UNGUARDED_AVAILABILITY = YES_AGGRESSIVE;
				CODE_SIGN_STYLE = Automatic;
				COPY_PHASE_STRIP = NO;
				DEBUG_INFORMATION_FORMAT = "dwarf-with-dsym";
				ENABLE_NS_ASSERTIONS = NO;
				EXECUTABLE_PREFIX = lib;
				GCC_C_LANGUAGE_STANDARD = gnu11;
				GCC_PREPROCESSOR_DEFINITIONS = (
					HAVE_UNISTD_H,
					"$(inherited)",
				);
				GCC_WARN_ABOUT_RETURN_TYPE = YES_ERROR;
				GCC_WARN_UNINITIALIZED_AUTOS = YES_AGGRESSIVE;
				MACOSX_DEPLOYMENT_TARGET = 12.1;
				MTL_ENABLE_DEBUG_INFO = NO;
				MTL_FAST_MATH = YES;
				PRODUCT_NAME = "$(TARGET_NAME)";
				SDKROOT = macosx;
				SKIP_INSTALL = YES;
			};
			name = Release;
		};
		3CD0DE4B27CF47FE00A2E6F1 /* Debug */ = {
			isa = XCBuildConfiguration;
			buildSettings = {
				ALWAYS_SEARCH_USER_PATHS = NO;
				ASSETCATALOG_COMPILER_APPICON_NAME = AppIcon;
				ASSETCATALOG_COMPILER_GLOBAL_ACCENT_COLOR_NAME = AccentColor;
				CLANG_ANALYZER_NONNULL = YES;
				CLANG_ANALYZER_NUMBER_OBJECT_CONVERSION = YES_AGGRESSIVE;
				CLANG_CXX_LANGUAGE_STANDARD = "gnu++17";
				CLANG_CXX_LIBRARY = "libc++";
				CLANG_ENABLE_MODULES = YES;
				CLANG_ENABLE_OBJC_ARC = YES;
				CLANG_ENABLE_OBJC_WEAK = YES;
				CLANG_WARN_DIRECT_OBJC_ISA_USAGE = YES_ERROR;
				CLANG_WARN_DOCUMENTATION_COMMENTS = NO;
				CLANG_WARN_OBJC_ROOT_CLASS = YES_ERROR;
				CLANG_WARN_UNGUARDED_AVAILABILITY = YES_AGGRESSIVE;
				CODE_SIGN_ENTITLEMENTS = fuseHFS_agent/fuseHFS_agent.entitlements;
				CODE_SIGN_STYLE = Automatic;
				COMBINE_HIDPI_IMAGES = YES;
				COPY_PHASE_STRIP = NO;
				CURRENT_PROJECT_VERSION = 1;
				DEBUG_INFORMATION_FORMAT = dwarf;
				FRAMEWORK_SEARCH_PATHS = (
					"$(inherited)",
					"$(LOCAL_LIBRARY_DIR)/Frameworks",
				);
				GCC_C_LANGUAGE_STANDARD = gnu11;
				GCC_DYNAMIC_NO_PIC = NO;
				GCC_OPTIMIZATION_LEVEL = 0;
				GCC_PREPROCESSOR_DEFINITIONS = (
					"DEBUG=1",
					"$(inherited)",
				);
				GCC_WARN_ABOUT_RETURN_TYPE = YES_ERROR;
				GCC_WARN_UNINITIALIZED_AUTOS = YES_AGGRESSIVE;
				GCC_WARN_UNUSED_VARIABLE = NO;
				GENERATE_INFOPLIST_FILE = YES;
				INFOPLIST_FILE = "fuseHFS-agent-Info.plist";
				INFOPLIST_KEY_NSHumanReadableCopyright = "";
				INFOPLIST_KEY_NSMainNibFile = MainMenu;
				INFOPLIST_KEY_NSPrincipalClass = NSApplication;
				LD_RUNPATH_SEARCH_PATHS = "$(inherited) @executable_path/../Frameworks";
				MACOSX_DEPLOYMENT_TARGET = 12.1;
				MARKETING_VERSION = 1.0;
				MTL_ENABLE_DEBUG_INFO = INCLUDE_SOURCE;
				MTL_FAST_MATH = YES;
				PRODUCT_BUNDLE_IDENTIFIER = "com.nobody.fuseHFS-agent";
				PRODUCT_NAME = "$(TARGET_NAME)";
				SDKROOT = macosx;
				SWIFT_EMIT_LOC_STRINGS = YES;
			};
			name = Debug;
		};
		3CD0DE4C27CF47FE00A2E6F1 /* Release */ = {
			isa = XCBuildConfiguration;
			buildSettings = {
				ALWAYS_SEARCH_USER_PATHS = NO;
				ASSETCATALOG_COMPILER_APPICON_NAME = AppIcon;
				ASSETCATALOG_COMPILER_GLOBAL_ACCENT_COLOR_NAME = AccentColor;
				CLANG_ANALYZER_NONNULL = YES;
				CLANG_ANALYZER_NUMBER_OBJECT_CONVERSION = YES_AGGRESSIVE;
				CLANG_CXX_LANGUAGE_STANDARD = "gnu++17";
				CLANG_CXX_LIBRARY = "libc++";
				CLANG_ENABLE_MODULES = YES;
				CLANG_ENABLE_OBJC_ARC = YES;
				CLANG_ENABLE_OBJC_WEAK = YES;
				CLANG_WARN_DIRECT_OBJC_ISA_USAGE = YES_ERROR;
				CLANG_WARN_DOCUMENTATION_COMMENTS = NO;
				CLANG_WARN_OBJC_ROOT_CLASS = YES_ERROR;
				CLANG_WARN_UNGUARDED_AVAILABILITY = YES_AGGRESSIVE;
				CODE_SIGN_ENTITLEMENTS = fuseHFS_agent/fuseHFS_agent.entitlements;
				CODE_SIGN_STYLE = Automatic;
				COMBINE_HIDPI_IMAGES = YES;
				COPY_PHASE_STRIP = NO;
				CURRENT_PROJECT_VERSION = 1;
				DEBUG_INFORMATION_FORMAT = "dwarf-with-dsym";
				ENABLE_NS_ASSERTIONS = NO;
				FRAMEWORK_SEARCH_PATHS = (
					"$(inherited)",
					"$(LOCAL_LIBRARY_DIR)/Frameworks",
				);
				GCC_C_LANGUAGE_STANDARD = gnu11;
				GCC_WARN_ABOUT_RETURN_TYPE = YES_ERROR;
				GCC_WARN_UNINITIALIZED_AUTOS = YES_AGGRESSIVE;
				GCC_WARN_UNUSED_VARIABLE = NO;
				GENERATE_INFOPLIST_FILE = YES;
				INFOPLIST_FILE = "fuseHFS-agent-Info.plist";
				INFOPLIST_KEY_NSHumanReadableCopyright = "";
				INFOPLIST_KEY_NSMainNibFile = MainMenu;
				INFOPLIST_KEY_NSPrincipalClass = NSApplication;
				LD_RUNPATH_SEARCH_PATHS = "$(inherited) @executable_path/../Frameworks";
				MACOSX_DEPLOYMENT_TARGET = 12.1;
				MARKETING_VERSION = 1.0;
				MTL_ENABLE_DEBUG_INFO = NO;
				MTL_FAST_MATH = YES;
				PRODUCT_BUNDLE_IDENTIFIER = "com.nobody.fuseHFS-agent";
				PRODUCT_NAME = "$(TARGET_NAME)";
				SDKROOT = macosx;
				SWIFT_EMIT_LOC_STRINGS = YES;
			};
			name = Release;
		};
		C01FCF4B08A954540054247B /* Debug */ = {
			isa = XCBuildConfiguration;
			buildSettings = {
				ALWAYS_SEARCH_USER_PATHS = NO;
				CLANG_ENABLE_MODULES = YES;
				CLANG_ENABLE_OBJC_ARC = YES;
				CODE_SIGN_ENTITLEMENTS = fuseHFS.entitlements;
				CODE_SIGN_IDENTITY = "Mac Developer";
				CODE_SIGN_STYLE = Automatic;
				COPY_PHASE_STRIP = NO;
				DEVELOPMENT_TEAM = P6KE342L95;
				ENABLE_HARDENED_RUNTIME = YES;
				FRAMEWORK_SEARCH_PATHS = (
					"$(inherited)",
					"$(LOCAL_LIBRARY_DIR)/Frameworks",
				);
				GCC_DYNAMIC_NO_PIC = NO;
				GCC_MODEL_TUNING = G5;
				GCC_OPTIMIZATION_LEVEL = 0;
				GCC_PRECOMPILE_PREFIX_HEADER = YES;
				GCC_PREFIX_HEADER = fuseHFS_Prefix.pch;
				GCC_WARN_UNUSED_VARIABLE = NO;
				INFOPLIST_FILE = Info.plist;
				INSTALL_PATH = "$(HOME)/Applications";
				LD_RUNPATH_SEARCH_PATHS = "$(inherited) @executable_path/../Frameworks";
				PRODUCT_BUNDLE_IDENTIFIER = com.nobody.fuseHFS;
				PRODUCT_NAME = fuseHFS;
				PROVISIONING_PROFILE_SPECIFIER = "";
				WRAPPER_EXTENSION = app;
				ZERO_LINK = YES;
			};
			name = Debug;
		};
		C01FCF4C08A954540054247B /* Release */ = {
			isa = XCBuildConfiguration;
			buildSettings = {
				ALWAYS_SEARCH_USER_PATHS = NO;
				CLANG_ENABLE_MODULES = YES;
				CLANG_ENABLE_OBJC_ARC = YES;
				CODE_SIGN_ENTITLEMENTS = fuseHFS.entitlements;
				CODE_SIGN_IDENTITY = "Mac Developer";
				CODE_SIGN_STYLE = Automatic;
				DEBUG_INFORMATION_FORMAT = "dwarf-with-dsym";
				DEVELOPMENT_TEAM = P6KE342L95;
				ENABLE_HARDENED_RUNTIME = YES;
				FRAMEWORK_SEARCH_PATHS = (
					"$(inherited)",
					"$(LOCAL_LIBRARY_DIR)/Frameworks",
				);
				GCC_MODEL_TUNING = G5;
				GCC_PRECOMPILE_PREFIX_HEADER = YES;
				GCC_PREFIX_HEADER = fuseHFS_Prefix.pch;
				GCC_WARN_UNUSED_VARIABLE = NO;
				INFOPLIST_FILE = Info.plist;
				INSTALL_PATH = "$(HOME)/Applications";
				LD_RUNPATH_SEARCH_PATHS = "$(inherited) @executable_path/../Frameworks";
				PRODUCT_BUNDLE_IDENTIFIER = com.nobody.fuseHFS;
				PRODUCT_NAME = fuseHFS;
				PROVISIONING_PROFILE_SPECIFIER = "";
				WRAPPER_EXTENSION = app;
			};
			name = Release;
		};
		C01FCF4F08A954540054247B /* Debug */ = {
			isa = XCBuildConfiguration;
			buildSettings = {
				CLANG_WARN_BLOCK_CAPTURE_AUTORELEASING = YES;
				CLANG_WARN_BOOL_CONVERSION = YES;
				CLANG_WARN_COMMA = YES;
				CLANG_WARN_CONSTANT_CONVERSION = YES;
				CLANG_WARN_DEPRECATED_OBJC_IMPLEMENTATIONS = YES;
				CLANG_WARN_EMPTY_BODY = YES;
				CLANG_WARN_ENUM_CONVERSION = YES;
				CLANG_WARN_INFINITE_RECURSION = YES;
				CLANG_WARN_INT_CONVERSION = YES;
				CLANG_WARN_NON_LITERAL_NULL_CONVERSION = YES;
				CLANG_WARN_OBJC_IMPLICIT_RETAIN_SELF = YES;
				CLANG_WARN_OBJC_LITERAL_CONVERSION = YES;
				CLANG_WARN_QUOTED_INCLUDE_IN_FRAMEWORK_HEADER = YES;
				CLANG_WARN_RANGE_LOOP_ANALYSIS = YES;
				CLANG_WARN_STRICT_PROTOTYPES = YES;
				CLANG_WARN_SUSPICIOUS_MOVE = YES;
				CLANG_WARN_UNREACHABLE_CODE = YES;
				CLANG_WARN__DUPLICATE_METHOD_MATCH = YES;
				ENABLE_STRICT_OBJC_MSGSEND = YES;
				ENABLE_TESTABILITY = YES;
				FRAMEWORK_SEARCH_PATHS = "";
				GCC_NO_COMMON_BLOCKS = YES;
				GCC_TREAT_WARNINGS_AS_ERRORS = YES;
				GCC_WARN_64_TO_32_BIT_CONVERSION = YES;
				GCC_WARN_ABOUT_RETURN_TYPE = YES;
				GCC_WARN_UNDECLARED_SELECTOR = YES;
				GCC_WARN_UNINITIALIZED_AUTOS = YES;
				GCC_WARN_UNUSED_FUNCTION = YES;
				GCC_WARN_UNUSED_VARIABLE = YES;
				ONLY_ACTIVE_ARCH = YES;
				OTHER_CFLAGS = "";
				OTHER_CPLUSPLUSFLAGS = "$(OTHER_CFLAGS)";
			};
			name = Debug;
		};
		C01FCF5008A954540054247B /* Release */ = {
			isa = XCBuildConfiguration;
			buildSettings = {
				CLANG_WARN_BLOCK_CAPTURE_AUTORELEASING = YES;
				CLANG_WARN_BOOL_CONVERSION = YES;
				CLANG_WARN_COMMA = YES;
				CLANG_WARN_CONSTANT_CONVERSION = YES;
				CLANG_WARN_DEPRECATED_OBJC_IMPLEMENTATIONS = YES;
				CLANG_WARN_EMPTY_BODY = YES;
				CLANG_WARN_ENUM_CONVERSION = YES;
				CLANG_WARN_INFINITE_RECURSION = YES;
				CLANG_WARN_INT_CONVERSION = YES;
				CLANG_WARN_NON_LITERAL_NULL_CONVERSION = YES;
				CLANG_WARN_OBJC_IMPLICIT_RETAIN_SELF = YES;
				CLANG_WARN_OBJC_LITERAL_CONVERSION = YES;
				CLANG_WARN_QUOTED_INCLUDE_IN_FRAMEWORK_HEADER = YES;
				CLANG_WARN_RANGE_LOOP_ANALYSIS = YES;
				CLANG_WARN_STRICT_PROTOTYPES = YES;
				CLANG_WARN_SUSPICIOUS_MOVE = YES;
				CLANG_WARN_UNREACHABLE_CODE = YES;
				CLANG_WARN__DUPLICATE_METHOD_MATCH = YES;
				ENABLE_STRICT_OBJC_MSGSEND = YES;
				FRAMEWORK_SEARCH_PATHS = "";
				GCC_NO_COMMON_BLOCKS = YES;
				GCC_TREAT_WARNINGS_AS_ERRORS = YES;
				GCC_WARN_64_TO_32_BIT_CONVERSION = YES;
				GCC_WARN_ABOUT_RETURN_TYPE = YES;
				GCC_WARN_UNDECLARED_SELECTOR = YES;
				GCC_WARN_UNINITIALIZED_AUTOS = YES;
				GCC_WARN_UNUSED_FUNCTION = YES;
				GCC_WARN_UNUSED_VARIABLE = YES;
				OTHER_CFLAGS = "";
				OTHER_CPLUSPLUSFLAGS = "$(OTHER_CFLAGS)";
			};
			name = Release;
		};
/* End XCBuildConfiguration section */

/* Begin XCConfigurationList section */
		3CB3920A27B070F50089D1C6 /* Build configuration list for PBXNativeTarget "libhfs" */ = {
			isa = XCConfigurationList;
			buildConfigurations = (
				3CB3920B27B070F50089D1C6 /* Debug */,
				3CB3920C27B070F50089D1C6 /* Release */,
			);
			defaultConfigurationIsVisible = 0;
			defaultConfigurationName = Release;
		};
		3CD0DE4D27CF47FE00A2E6F1 /* Build configuration list for PBXNativeTarget "fuseHFS_agent" */ = {
			isa = XCConfigurationList;
			buildConfigurations = (
				3CD0DE4B27CF47FE00A2E6F1 /* Debug */,
				3CD0DE4C27CF47FE00A2E6F1 /* Release */,
			);
			defaultConfigurationIsVisible = 0;
			defaultConfigurationName = Release;
		};
		C01FCF4A08A954540054247B /* Build configuration list for PBXNativeTarget "fuseHFS" */ = {
			isa = XCConfigurationList;
			buildConfigurations = (
				C01FCF4B08A954540054247B /* Debug */,
				C01FCF4C08A954540054247B /* Release */,
			);
			defaultConfigurationIsVisible = 0;
			defaultConfigurationName = Release;
		};
		C01FCF4E08A954540054247B /* Build configuration list for PBXProject "fuseHFS" */ = {
			isa = XCConfigurationList;
			buildConfigurations = (
				C01FCF4F08A954540054247B /* Debug */,
				C01FCF5008A954540054247B /* Release */,
			);
			defaultConfigurationIsVisible = 0;
			defaultConfigurationName = Release;
		};
/* End XCConfigurationList section */
	};
	rootObject = 29B97313FDCFA39411CA2CEA /* Project object */;
}
